
Microsoft Visual Studio Solution File, Format Version 12.00
# Visual Studio Version 17
VisualStudioVersion = 17.0.31903.59
MinimumVisualStudioVersion = 10.0.40219.1
Project("{2150E333-8FDC-42A3-9474-1A3956D46DE8}") = "src", "src", "{827E0CD3-B72D-47B6-A68D-7590B98EB39B}"
EndProject
Project("{2150E333-8FDC-42A3-9474-1A3956D46DE8}") = "BuildingBlocks", "BuildingBlocks", "{90298CBA-BD6F-3A0A-69D5-97CAD7B05E7E}"
EndProject
Project("{FAE04EC0-301F-11D3-BF4B-00C04F79EFBC}") = "LongevityDiet.Contracts", "src\BuildingBlocks\LongevityDiet.Contracts\LongevityDiet.Contracts.csproj", "{09328BF4-9A56-44B5-99B9-33326DC80721}"
EndProject
Project("{2150E333-8FDC-42A3-9474-1A3956D46DE8}") = "Gateways", "Gateways", "{CBE535C5-B51A-60E9-4D99-AC1BFAA908A1}"
EndProject
Project("{FAE04EC0-301F-11D3-BF4B-00C04F79EFBC}") = "LongevityDiet.ApiGateway", "src\Gateways\LongevityDiet.ApiGateway\LongevityDiet.ApiGateway.csproj", "{48625030-F170-4946-ACC7-C125617997C9}"
EndProject
Project("{2150E333-8FDC-42A3-9474-1A3956D46DE8}") = "Services", "Services", "{984BB9B3-3FA3-BE33-9484-CAC21695A33C}"
EndProject
Project("{2150E333-8FDC-42A3-9474-1A3956D46DE8}") = "DietKnowledge", "DietKnowledge", "{E3A1072E-BB68-3D49-4A12-78B8A87F1C82}"
EndProject
Project("{FAE04EC0-301F-11D3-BF4B-00C04F79EFBC}") = "LongevityDiet.DietKnowledge.Api", "src\Services\DietKnowledge\LongevityDiet.DietKnowledge.Api\LongevityDiet.DietKnowledge.Api.csproj", "{2BB85304-C39A-4B3B-8EC2-F10AB7B67342}"
EndProject
Project("{FAE04EC0-301F-11D3-BF4B-00C04F79EFBC}") = "LongevityDiet.DietKnowledge.Application", "src\Services\DietKnowledge\LongevityDiet.DietKnowledge.Application\LongevityDiet.DietKnowledge.Application.csproj", "{2077AEFC-4B68-4ABA-B0AA-30A11FB9E204}"
EndProject
Project("{FAE04EC0-301F-11D3-BF4B-00C04F79EFBC}") = "LongevityDiet.DietKnowledge.Domain", "src\Services\DietKnowledge\LongevityDiet.DietKnowledge.Domain\LongevityDiet.DietKnowledge.Domain.csproj", "{E645C33D-FAD8-47B8-BA31-C30565664C0E}"
EndProject
Project("{FAE04EC0-301F-11D3-BF4B-00C04F79EFBC}") = "LongevityDiet.DietKnowledge.Infrastructure", "src\Services\DietKnowledge\LongevityDiet.DietKnowledge.Infrastructure\LongevityDiet.DietKnowledge.Infrastructure.csproj", "{83F67A21-0F21-4187-9C3B-B19304F4D405}"
EndProject
Project("{2150E333-8FDC-42A3-9474-1A3956D46DE8}") = "Identity", "Identity", "{1BFC9479-12BF-35C3-06B8-42D89D95092B}"
EndProject
Project("{FAE04EC0-301F-11D3-BF4B-00C04F79EFBC}") = "LongevityDiet.Identity.Api", "src\Services\Identity\LongevityDiet.Identity.Api\LongevityDiet.Identity.Api.csproj", "{D1A7AD10-1053-4A6F-AE2F-63A966E7C097}"
EndProject
Project("{FAE04EC0-301F-11D3-BF4B-00C04F79EFBC}") = "LongevityDiet.Identity.Application", "src\Services\Identity\LongevityDiet.Identity.Application\LongevityDiet.Identity.Application.csproj", "{80C573EE-9835-4BB7-98BC-21F0D6BE6E9F}"
EndProject
Project("{FAE04EC0-301F-11D3-BF4B-00C04F79EFBC}") = "LongevityDiet.Identity.Domain", "src\Services\Identity\LongevityDiet.Identity.Domain\LongevityDiet.Identity.Domain.csproj", "{997D990D-FD42-42AF-A05E-F255C8D83E93}"
EndProject
Project("{FAE04EC0-301F-11D3-BF4B-00C04F79EFBC}") = "LongevityDiet.Identity.Infrastructure", "src\Services\Identity\LongevityDiet.Identity.Infrastructure\LongevityDiet.Identity.Infrastructure.csproj", "{2243C1D9-317C-456D-BC0A-33C1976EA70E}"
EndProject
Project("{2150E333-8FDC-42A3-9474-1A3956D46DE8}") = "MealPlanning", "MealPlanning", "{A1A723C0-50DE-0927-ABB8-5241DAFF01D9}"
EndProject
Project("{FAE04EC0-301F-11D3-BF4B-00C04F79EFBC}") = "LongevityDiet.MealPlanning.Api", "src\Services\MealPlanning\LongevityDiet.MealPlanning.Api\LongevityDiet.MealPlanning.Api.csproj", "{E932B951-4D43-4D06-9B94-7B62B4A36702}"
EndProject
Project("{FAE04EC0-301F-11D3-BF4B-00C04F79EFBC}") = "LongevityDiet.MealPlanning.Application", "src\Services\MealPlanning\LongevityDiet.MealPlanning.Application\LongevityDiet.MealPlanning.Application.csproj", "{09D325C1-3BF1-48F0-8BD1-11CA30C0B35C}"
EndProject
Project("{FAE04EC0-301F-11D3-BF4B-00C04F79EFBC}") = "LongevityDiet.MealPlanning.Domain", "src\Services\MealPlanning\LongevityDiet.MealPlanning.Domain\LongevityDiet.MealPlanning.Domain.csproj", "{EC527E10-C9DE-492B-A789-53389D0A6CFA}"
EndProject
Project("{FAE04EC0-301F-11D3-BF4B-00C04F79EFBC}") = "LongevityDiet.MealPlanning.Infrastructure", "src\Services\MealPlanning\LongevityDiet.MealPlanning.Infrastructure\LongevityDiet.MealPlanning.Infrastructure.csproj", "{FD5AD32F-A66A-42D2-97E0-4F02D48B0303}"
EndProject
Project("{2150E333-8FDC-42A3-9474-1A3956D46DE8}") = "Tracking", "Tracking", "{4E97729A-C2DF-5990-EA33-8F909D65E19E}"
EndProject
Project("{FAE04EC0-301F-11D3-BF4B-00C04F79EFBC}") = "LongevityDiet.Tracking.Api", "src\Services\Tracking\LongevityDiet.Tracking.Api\LongevityDiet.Tracking.Api.csproj", "{10FB4CA3-2B34-4DC0-B9A3-8DEA590BD112}"
EndProject
Project("{FAE04EC0-301F-11D3-BF4B-00C04F79EFBC}") = "LongevityDiet.Tracking.Application", "src\Services\Tracking\LongevityDiet.Tracking.Application\LongevityDiet.Tracking.Application.csproj", "{3455D8FC-50E6-4D5E-A9E5-C2CA823CA7C0}"
EndProject
Project("{FAE04EC0-301F-11D3-BF4B-00C04F79EFBC}") = "LongevityDiet.Tracking.Domain", "src\Services\Tracking\LongevityDiet.Tracking.Domain\LongevityDiet.Tracking.Domain.csproj", "{E80085DA-A95E-4758-8E13-107F3F08B3B9}"
EndProject
Project("{FAE04EC0-301F-11D3-BF4B-00C04F79EFBC}") = "LongevityDiet.Tracking.Infrastructure", "src\Services\Tracking\LongevityDiet.Tracking.Infrastructure\LongevityDiet.Tracking.Infrastructure.csproj", "{4E2F529B-0723-4DBC-9138-0800F6C49E30}"
EndProject
Project("{2150E333-8FDC-42A3-9474-1A3956D46DE8}") = "Web", "Web", "{03997797-E7F5-0643-168D-B8EA7178C2FE}"
EndProject
Project("{FAE04EC0-301F-11D3-BF4B-00C04F79EFBC}") = "LongevityDiet.Web", "src\Web\LongevityDiet.Web\LongevityDiet.Web.csproj", "{EE9B4891-13F6-4B4B-AECF-D255169FCF62}"
EndProject
Project("{2150E333-8FDC-42A3-9474-1A3956D46DE8}") = "Recommendation", "Recommendation", "{36DA8489-D516-55FB-C979-4F4985580BDF}"
EndProject
Project("{FAE04EC0-301F-11D3-BF4B-00C04F79EFBC}") = "LongevityDiet.Recommendation.Service", "src\Services\Recommendation\LongevityDiet.Recommendation.Service\LongevityDiet.Recommendation.Service.csproj", "{2475476D-35AD-4155-8565-59AEA1554C69}"
EndProject
Project("{2150E333-8FDC-42A3-9474-1A3956D46DE8}") = "Notification", "Notification", "{C5FBE174-8E0F-F5A3-B929-8BD0C55C0A32}"
EndProject
Project("{FAE04EC0-301F-11D3-BF4B-00C04F79EFBC}") = "LongevityDiet.Notification.Grpc", "src\Services\Notification\LongevityDiet.Notification.Grpc\LongevityDiet.Notification.Grpc.csproj", "{E46089E6-AFF6-4658-97FC-4FCCBBF1A8A1}"
EndProject
Project("{2150E333-8FDC-42A3-9474-1A3956D46DE8}") = "Workers", "Workers", "{FE5F7021-A3C9-35C7-FF50-8DA81625868E}"
EndProject
Project("{FAE04EC0-301F-11D3-BF4B-00C04F79EFBC}") = "LongevityDiet.NotificationWorker", "src\Workers\LongevityDiet.NotificationWorker\LongevityDiet.NotificationWorker.csproj", "{EAC0C13F-83CA-4FA6-8859-83DB9CF3385E}"
EndProject
Project("{FAE04EC0-301F-11D3-BF4B-00C04F79EFBC}") = "LongevityDiet.ApiDefaults", "src\BuildingBlocks\LongevityDiet.ApiDefaults\LongevityDiet.ApiDefaults.csproj", "{BB339E62-BCDF-46DE-AE17-9A75AAB48D1D}"
EndProject
Project("{2150E333-8FDC-42A3-9474-1A3956D46DE8}") = "tests", "tests", "{0AB3BF05-4346-4AA6-1389-037BE0695223}"
EndProject
Project("{FAE04EC0-301F-11D3-BF4B-00C04F79EFBC}") = "LongevityDiet.Core.Tests", "tests\LongevityDiet.Core.Tests\LongevityDiet.Core.Tests.csproj", "{A28FB8FE-10CA-4CD7-8639-9537F3555D38}"
EndProject
Global
	GlobalSection(SolutionConfigurationPlatforms) = preSolution
		Debug|Any CPU = Debug|Any CPU
		Debug|x64 = Debug|x64
		Debug|x86 = Debug|x86
		Release|Any CPU = Release|Any CPU
		Release|x64 = Release|x64
		Release|x86 = Release|x86
	EndGlobalSection
	GlobalSection(ProjectConfigurationPlatforms) = postSolution
		{09328BF4-9A56-44B5-99B9-33326DC80721}.Debug|Any CPU.ActiveCfg = Debug|Any CPU
		{09328BF4-9A56-44B5-99B9-33326DC80721}.Debug|Any CPU.Build.0 = Debug|Any CPU
		{09328BF4-9A56-44B5-99B9-33326DC80721}.Debug|x64.ActiveCfg = Debug|Any CPU
		{09328BF4-9A56-44B5-99B9-33326DC80721}.Debug|x64.Build.0 = Debug|Any CPU
		{09328BF4-9A56-44B5-99B9-33326DC80721}.Debug|x86.ActiveCfg = Debug|Any CPU
		{09328BF4-9A56-44B5-99B9-33326DC80721}.Debug|x86.Build.0 = Debug|Any CPU
		{09328BF4-9A56-44B5-99B9-33326DC80721}.Release|Any CPU.ActiveCfg = Release|Any CPU
		{09328BF4-9A56-44B5-99B9-33326DC80721}.Release|Any CPU.Build.0 = Release|Any CPU
		{09328BF4-9A56-44B5-99B9-33326DC80721}.Release|x64.ActiveCfg = Release|Any CPU
		{09328BF4-9A56-44B5-99B9-33326DC80721}.Release|x64.Build.0 = Release|Any CPU
		{09328BF4-9A56-44B5-99B9-33326DC80721}.Release|x86.ActiveCfg = Release|Any CPU
		{09328BF4-9A56-44B5-99B9-33326DC80721}.Release|x86.Build.0 = Release|Any CPU
		{48625030-F170-4946-ACC7-C125617997C9}.Debug|Any CPU.ActiveCfg = Debug|Any CPU
		{48625030-F170-4946-ACC7-C125617997C9}.Debug|Any CPU.Build.0 = Debug|Any CPU
		{48625030-F170-4946-ACC7-C125617997C9}.Debug|x64.ActiveCfg = Debug|Any CPU
		{48625030-F170-4946-ACC7-C125617997C9}.Debug|x64.Build.0 = Debug|Any CPU
		{48625030-F170-4946-ACC7-C125617997C9}.Debug|x86.ActiveCfg = Debug|Any CPU
		{48625030-F170-4946-ACC7-C125617997C9}.Debug|x86.Build.0 = Debug|Any CPU
		{48625030-F170-4946-ACC7-C125617997C9}.Release|Any CPU.ActiveCfg = Release|Any CPU
		{48625030-F170-4946-ACC7-C125617997C9}.Release|Any CPU.Build.0 = Release|Any CPU
		{48625030-F170-4946-ACC7-C125617997C9}.Release|x64.ActiveCfg = Release|Any CPU
		{48625030-F170-4946-ACC7-C125617997C9}.Release|x64.Build.0 = Release|Any CPU
		{48625030-F170-4946-ACC7-C125617997C9}.Release|x86.ActiveCfg = Release|Any CPU
		{48625030-F170-4946-ACC7-C125617997C9}.Release|x86.Build.0 = Release|Any CPU
		{2BB85304-C39A-4B3B-8EC2-F10AB7B67342}.Debug|Any CPU.ActiveCfg = Debug|Any CPU
		{2BB85304-C39A-4B3B-8EC2-F10AB7B67342}.Debug|Any CPU.Build.0 = Debug|Any CPU
		{2BB85304-C39A-4B3B-8EC2-F10AB7B67342}.Debug|x64.ActiveCfg = Debug|Any CPU
		{2BB85304-C39A-4B3B-8EC2-F10AB7B67342}.Debug|x64.Build.0 = Debug|Any CPU
		{2BB85304-C39A-4B3B-8EC2-F10AB7B67342}.Debug|x86.ActiveCfg = Debug|Any CPU
		{2BB85304-C39A-4B3B-8EC2-F10AB7B67342}.Debug|x86.Build.0 = Debug|Any CPU
		{2BB85304-C39A-4B3B-8EC2-F10AB7B67342}.Release|Any CPU.ActiveCfg = Release|Any CPU
		{2BB85304-C39A-4B3B-8EC2-F10AB7B67342}.Release|Any CPU.Build.0 = Release|Any CPU
		{2BB85304-C39A-4B3B-8EC2-F10AB7B67342}.Release|x64.ActiveCfg = Release|Any CPU
		{2BB85304-C39A-4B3B-8EC2-F10AB7B67342}.Release|x64.Build.0 = Release|Any CPU
		{2BB85304-C39A-4B3B-8EC2-F10AB7B67342}.Release|x86.ActiveCfg = Release|Any CPU
		{2BB85304-C39A-4B3B-8EC2-F10AB7B67342}.Release|x86.Build.0 = Release|Any CPU
		{2077AEFC-4B68-4ABA-B0AA-30A11FB9E204}.Debug|Any CPU.ActiveCfg = Debug|Any CPU
		{2077AEFC-4B68-4ABA-B0AA-30A11FB9E204}.Debug|Any CPU.Build.0 = Debug|Any CPU
		{2077AEFC-4B68-4ABA-B0AA-30A11FB9E204}.Debug|x64.ActiveCfg = Debug|Any CPU
		{2077AEFC-4B68-4ABA-B0AA-30A11FB9E204}.Debug|x64.Build.0 = Debug|Any CPU
		{2077AEFC-4B68-4ABA-B0AA-30A11FB9E204}.Debug|x86.ActiveCfg = Debug|Any CPU
		{2077AEFC-4B68-4ABA-B0AA-30A11FB9E204}.Debug|x86.Build.0 = Debug|Any CPU
		{2077AEFC-4B68-4ABA-B0AA-30A11FB9E204}.Release|Any CPU.ActiveCfg = Release|Any CPU
		{2077AEFC-4B68-4ABA-B0AA-30A11FB9E204}.Release|Any CPU.Build.0 = Release|Any CPU
		{2077AEFC-4B68-4ABA-B0AA-30A11FB9E204}.Release|x64.ActiveCfg = Release|Any CPU
		{2077AEFC-4B68-4ABA-B0AA-30A11FB9E204}.Release|x64.Build.0 = Release|Any CPU
		{2077AEFC-4B68-4ABA-B0AA-30A11FB9E204}.Release|x86.ActiveCfg = Release|Any CPU
		{2077AEFC-4B68-4ABA-B0AA-30A11FB9E204}.Release|x86.Build.0 = Release|Any CPU
		{E645C33D-FAD8-47B8-BA31-C30565664C0E}.Debug|Any CPU.ActiveCfg = Debug|Any CPU
		{E645C33D-FAD8-47B8-BA31-C30565664C0E}.Debug|Any CPU.Build.0 = Debug|Any CPU
		{E645C33D-FAD8-47B8-BA31-C30565664C0E}.Debug|x64.ActiveCfg = Debug|Any CPU
		{E645C33D-FAD8-47B8-BA31-C30565664C0E}.Debug|x64.Build.0 = Debug|Any CPU
		{E645C33D-FAD8-47B8-BA31-C30565664C0E}.Debug|x86.ActiveCfg = Debug|Any CPU
		{E645C33D-FAD8-47B8-BA31-C30565664C0E}.Debug|x86.Build.0 = Debug|Any CPU
		{E645C33D-FAD8-47B8-BA31-C30565664C0E}.Release|Any CPU.ActiveCfg = Release|Any CPU
		{E645C33D-FAD8-47B8-BA31-C30565664C0E}.Release|Any CPU.Build.0 = Release|Any CPU
		{E645C33D-FAD8-47B8-BA31-C30565664C0E}.Release|x64.ActiveCfg = Release|Any CPU
		{E645C33D-FAD8-47B8-BA31-C30565664C0E}.Release|x64.Build.0 = Release|Any CPU
		{E645C33D-FAD8-47B8-BA31-C30565664C0E}.Release|x86.ActiveCfg = Release|Any CPU
		{E645C33D-FAD8-47B8-BA31-C30565664C0E}.Release|x86.Build.0 = Release|Any CPU
		{83F67A21-0F21-4187-9C3B-B19304F4D405}.Debug|Any CPU.ActiveCfg = Debug|Any CPU
		{83F67A21-0F21-4187-9C3B-B19304F4D405}.Debug|Any CPU.Build.0 = Debug|Any CPU
		{83F67A21-0F21-4187-9C3B-B19304F4D405}.Debug|x64.ActiveCfg = Debug|Any CPU
		{83F67A21-0F21-4187-9C3B-B19304F4D405}.Debug|x64.Build.0 = Debug|Any CPU
		{83F67A21-0F21-4187-9C3B-B19304F4D405}.Debug|x86.ActiveCfg = Debug|Any CPU
		{83F67A21-0F21-4187-9C3B-B19304F4D405}.Debug|x86.Build.0 = Debug|Any CPU
		{83F67A21-0F21-4187-9C3B-B19304F4D405}.Release|Any CPU.ActiveCfg = Release|Any CPU
		{83F67A21-0F21-4187-9C3B-B19304F4D405}.Release|Any CPU.Build.0 = Release|Any CPU
		{83F67A21-0F21-4187-9C3B-B19304F4D405}.Release|x64.ActiveCfg = Release|Any CPU
		{83F67A21-0F21-4187-9C3B-B19304F4D405}.Release|x64.Build.0 = Release|Any CPU
		{83F67A21-0F21-4187-9C3B-B19304F4D405}.Release|x86.ActiveCfg = Release|Any CPU
		{83F67A21-0F21-4187-9C3B-B19304F4D405}.Release|x86.Build.0 = Release|Any CPU
		{D1A7AD10-1053-4A6F-AE2F-63A966E7C097}.Debug|Any CPU.ActiveCfg = Debug|Any CPU
		{D1A7AD10-1053-4A6F-AE2F-63A966E7C097}.Debug|Any CPU.Build.0 = Debug|Any CPU
		{D1A7AD10-1053-4A6F-AE2F-63A966E7C097}.Debug|x64.ActiveCfg = Debug|Any CPU
		{D1A7AD10-1053-4A6F-AE2F-63A966E7C097}.Debug|x64.Build.0 = Debug|Any CPU
		{D1A7AD10-1053-4A6F-AE2F-63A966E7C097}.Debug|x86.ActiveCfg = Debug|Any CPU
		{D1A7AD10-1053-4A6F-AE2F-63A966E7C097}.Debug|x86.Build.0 = Debug|Any CPU
		{D1A7AD10-1053-4A6F-AE2F-63A966E7C097}.Release|Any CPU.ActiveCfg = Release|Any CPU
		{D1A7AD10-1053-4A6F-AE2F-63A966E7C097}.Release|Any CPU.Build.0 = Release|Any CPU
		{D1A7AD10-1053-4A6F-AE2F-63A966E7C097}.Release|x64.ActiveCfg = Release|Any CPU
		{D1A7AD10-1053-4A6F-AE2F-63A966E7C097}.Release|x64.Build.0 = Release|Any CPU
		{D1A7AD10-1053-4A6F-AE2F-63A966E7C097}.Release|x86.ActiveCfg = Release|Any CPU
		{D1A7AD10-1053-4A6F-AE2F-63A966E7C097}.Release|x86.Build.0 = Release|Any CPU
		{80C573EE-9835-4BB7-98BC-21F0D6BE6E9F}.Debug|Any CPU.ActiveCfg = Debug|Any CPU
		{80C573EE-9835-4BB7-98BC-21F0D6BE6E9F}.Debug|Any CPU.Build.0 = Debug|Any CPU
		{80C573EE-9835-4BB7-98BC-21F0D6BE6E9F}.Debug|x64.ActiveCfg = Debug|Any CPU
		{80C573EE-9835-4BB7-98BC-21F0D6BE6E9F}.Debug|x64.Build.0 = Debug|Any CPU
		{80C573EE-9835-4BB7-98BC-21F0D6BE6E9F}.Debug|x86.ActiveCfg = Debug|Any CPU
		{80C573EE-9835-4BB7-98BC-21F0D6BE6E9F}.Debug|x86.Build.0 = Debug|Any CPU
		{80C573EE-9835-4BB7-98BC-21F0D6BE6E9F}.Release|Any CPU.ActiveCfg = Release|Any CPU
		{80C573EE-9835-4BB7-98BC-21F0D6BE6E9F}.Release|Any CPU.Build.0 = Release|Any CPU
		{80C573EE-9835-4BB7-98BC-21F0D6BE6E9F}.Release|x64.ActiveCfg = Release|Any CPU
		{80C573EE-9835-4BB7-98BC-21F0D6BE6E9F}.Release|x64.Build.0 = Release|Any CPU
		{80C573EE-9835-4BB7-98BC-21F0D6BE6E9F}.Release|x86.ActiveCfg = Release|Any CPU
		{80C573EE-9835-4BB7-98BC-21F0D6BE6E9F}.Release|x86.Build.0 = Release|Any CPU
		{997D990D-FD42-42AF-A05E-F255C8D83E93}.Debug|Any CPU.ActiveCfg = Debug|Any CPU
		{997D990D-FD42-42AF-A05E-F255C8D83E93}.Debug|Any CPU.Build.0 = Debug|Any CPU
		{997D990D-FD42-42AF-A05E-F255C8D83E93}.Debug|x64.ActiveCfg = Debug|Any CPU
		{997D990D-FD42-42AF-A05E-F255C8D83E93}.Debug|x64.Build.0 = Debug|Any CPU
		{997D990D-FD42-42AF-A05E-F255C8D83E93}.Debug|x86.ActiveCfg = Debug|Any CPU
		{997D990D-FD42-42AF-A05E-F255C8D83E93}.Debug|x86.Build.0 = Debug|Any CPU
		{997D990D-FD42-42AF-A05E-F255C8D83E93}.Release|Any CPU.ActiveCfg = Release|Any CPU
		{997D990D-FD42-42AF-A05E-F255C8D83E93}.Release|Any CPU.Build.0 = Release|Any CPU
		{997D990D-FD42-42AF-A05E-F255C8D83E93}.Release|x64.ActiveCfg = Release|Any CPU
		{997D990D-FD42-42AF-A05E-F255C8D83E93}.Release|x64.Build.0 = Release|Any CPU
		{997D990D-FD42-42AF-A05E-F255C8D83E93}.Release|x86.ActiveCfg = Release|Any CPU
		{997D990D-FD42-42AF-A05E-F255C8D83E93}.Release|x86.Build.0 = Release|Any CPU
		{2243C1D9-317C-456D-BC0A-33C1976EA70E}.Debug|Any CPU.ActiveCfg = Debug|Any CPU
		{2243C1D9-317C-456D-BC0A-33C1976EA70E}.Debug|Any CPU.Build.0 = Debug|Any CPU
		{2243C1D9-317C-456D-BC0A-33C1976EA70E}.Debug|x64.ActiveCfg = Debug|Any CPU
		{2243C1D9-317C-456D-BC0A-33C1976EA70E}.Debug|x64.Build.0 = Debug|Any CPU
		{2243C1D9-317C-456D-BC0A-33C1976EA70E}.Debug|x86.ActiveCfg = Debug|Any CPU
		{2243C1D9-317C-456D-BC0A-33C1976EA70E}.Debug|x86.Build.0 = Debug|Any CPU
		{2243C1D9-317C-456D-BC0A-33C1976EA70E}.Release|Any CPU.ActiveCfg = Release|Any CPU
		{2243C1D9-317C-456D-BC0A-33C1976EA70E}.Release|Any CPU.Build.0 = Release|Any CPU
		{2243C1D9-317C-456D-BC0A-33C1976EA70E}.Release|x64.ActiveCfg = Release|Any CPU
		{2243C1D9-317C-456D-BC0A-33C1976EA70E}.Release|x64.Build.0 = Release|Any CPU
		{2243C1D9-317C-456D-BC0A-33C1976EA70E}.Release|x86.ActiveCfg = Release|Any CPU
		{2243C1D9-317C-456D-BC0A-33C1976EA70E}.Release|x86.Build.0 = Release|Any CPU
		{E932B951-4D43-4D06-9B94-7B62B4A36702}.Debug|Any CPU.ActiveCfg = Debug|Any CPU
		{E932B951-4D43-4D06-9B94-7B62B4A36702}.Debug|Any CPU.Build.0 = Debug|Any CPU
		{E932B951-4D43-4D06-9B94-7B62B4A36702}.Debug|x64.ActiveCfg = Debug|Any CPU
		{E932B951-4D43-4D06-9B94-7B62B4A36702}.Debug|x64.Build.0 = Debug|Any CPU
		{E932B951-4D43-4D06-9B94-7B62B4A36702}.Debug|x86.ActiveCfg = Debug|Any CPU
		{E932B951-4D43-4D06-9B94-7B62B4A36702}.Debug|x86.Build.0 = Debug|Any CPU
		{E932B951-4D43-4D06-9B94-7B62B4A36702}.Release|Any CPU.ActiveCfg = Release|Any CPU
		{E932B951-4D43-4D06-9B94-7B62B4A36702}.Release|Any CPU.Build.0 = Release|Any CPU
		{E932B951-4D43-4D06-9B94-7B62B4A36702}.Release|x64.ActiveCfg = Release|Any CPU
		{E932B951-4D43-4D06-9B94-7B62B4A36702}.Release|x64.Build.0 = Release|Any CPU
		{E932B951-4D43-4D06-9B94-7B62B4A36702}.Release|x86.ActiveCfg = Release|Any CPU
		{E932B951-4D43-4D06-9B94-7B62B4A36702}.Release|x86.Build.0 = Release|Any CPU
		{09D325C1-3BF1-48F0-8BD1-11CA30C0B35C}.Debug|Any CPU.ActiveCfg = Debug|Any CPU
		{09D325C1-3BF1-48F0-8BD1-11CA30C0B35C}.Debug|Any CPU.Build.0 = Debug|Any CPU
		{09D325C1-3BF1-48F0-8BD1-11CA30C0B35C}.Debug|x64.ActiveCfg = Debug|Any CPU
		{09D325C1-3BF1-48F0-8BD1-11CA30C0B35C}.Debug|x64.Build.0 = Debug|Any CPU
		{09D325C1-3BF1-48F0-8BD1-11CA30C0B35C}.Debug|x86.ActiveCfg = Debug|Any CPU
		{09D325C1-3BF1-48F0-8BD1-11CA30C0B35C}.Debug|x86.Build.0 = Debug|Any CPU
		{09D325C1-3BF1-48F0-8BD1-11CA30C0B35C}.Release|Any CPU.ActiveCfg = Release|Any CPU
		{09D325C1-3BF1-48F0-8BD1-11CA30C0B35C}.Release|Any CPU.Build.0 = Release|Any CPU
		{09D325C1-3BF1-48F0-8BD1-11CA30C0B35C}.Release|x64.ActiveCfg = Release|Any CPU
		{09D325C1-3BF1-48F0-8BD1-11CA30C0B35C}.Release|x64.Build.0 = Release|Any CPU
		{09D325C1-3BF1-48F0-8BD1-11CA30C0B35C}.Release|x86.ActiveCfg = Release|Any CPU
		{09D325C1-3BF1-48F0-8BD1-11CA30C0B35C}.Release|x86.Build.0 = Release|Any CPU
		{EC527E10-C9DE-492B-A789-53389D0A6CFA}.Debug|Any CPU.ActiveCfg = Debug|Any CPU
		{EC527E10-C9DE-492B-A789-53389D0A6CFA}.Debug|Any CPU.Build.0 = Debug|Any CPU
		{EC527E10-C9DE-492B-A789-53389D0A6CFA}.Debug|x64.ActiveCfg = Debug|Any CPU
		{EC527E10-C9DE-492B-A789-53389D0A6CFA}.Debug|x64.Build.0 = Debug|Any CPU
		{EC527E10-C9DE-492B-A789-53389D0A6CFA}.Debug|x86.ActiveCfg = Debug|Any CPU
		{EC527E10-C9DE-492B-A789-53389D0A6CFA}.Debug|x86.Build.0 = Debug|Any CPU
		{EC527E10-C9DE-492B-A789-53389D0A6CFA}.Release|Any CPU.ActiveCfg = Release|Any CPU
		{EC527E10-C9DE-492B-A789-53389D0A6CFA}.Release|Any CPU.Build.0 = Release|Any CPU
		{EC527E10-C9DE-492B-A789-53389D0A6CFA}.Release|x64.ActiveCfg = Release|Any CPU
		{EC527E10-C9DE-492B-A789-53389D0A6CFA}.Release|x64.Build.0 = Release|Any CPU
		{EC527E10-C9DE-492B-A789-53389D0A6CFA}.Release|x86.ActiveCfg = Release|Any CPU
		{EC527E10-C9DE-492B-A789-53389D0A6CFA}.Release|x86.Build.0 = Release|Any CPU
		{FD5AD32F-A66A-42D2-97E0-4F02D48B0303}.Debug|Any CPU.ActiveCfg = Debug|Any CPU
		{FD5AD32F-A66A-42D2-97E0-4F02D48B0303}.Debug|Any CPU.Build.0 = Debug|Any CPU
		{FD5AD32F-A66A-42D2-97E0-4F02D48B0303}.Debug|x64.ActiveCfg = Debug|Any CPU
		{FD5AD32F-A66A-42D2-97E0-4F02D48B0303}.Debug|x64.Build.0 = Debug|Any CPU
		{FD5AD32F-A66A-42D2-97E0-4F02D48B0303}.Debug|x86.ActiveCfg = Debug|Any CPU
		{FD5AD32F-A66A-42D2-97E0-4F02D48B0303}.Debug|x86.Build.0 = Debug|Any CPU
		{FD5AD32F-A66A-42D2-97E0-4F02D48B0303}.Release|Any CPU.ActiveCfg = Release|Any CPU
		{FD5AD32F-A66A-42D2-97E0-4F02D48B0303}.Release|Any CPU.Build.0 = Release|Any CPU
		{FD5AD32F-A66A-42D2-97E0-4F02D48B0303}.Release|x64.ActiveCfg = Release|Any CPU
		{FD5AD32F-A66A-42D2-97E0-4F02D48B0303}.Release|x64.Build.0 = Release|Any CPU
		{FD5AD32F-A66A-42D2-97E0-4F02D48B0303}.Release|x86.ActiveCfg = Release|Any CPU
		{FD5AD32F-A66A-42D2-97E0-4F02D48B0303}.Release|x86.Build.0 = Release|Any CPU
		{10FB4CA3-2B34-4DC0-B9A3-8DEA590BD112}.Debug|Any CPU.ActiveCfg = Debug|Any CPU
		{10FB4CA3-2B34-4DC0-B9A3-8DEA590BD112}.Debug|Any CPU.Build.0 = Debug|Any CPU
		{10FB4CA3-2B34-4DC0-B9A3-8DEA590BD112}.Debug|x64.ActiveCfg = Debug|Any CPU
		{10FB4CA3-2B34-4DC0-B9A3-8DEA590BD112}.Debug|x64.Build.0 = Debug|Any CPU
		{10FB4CA3-2B34-4DC0-B9A3-8DEA590BD112}.Debug|x86.ActiveCfg = Debug|Any CPU
		{10FB4CA3-2B34-4DC0-B9A3-8DEA590BD112}.Debug|x86.Build.0 = Debug|Any CPU
		{10FB4CA3-2B34-4DC0-B9A3-8DEA590BD112}.Release|Any CPU.ActiveCfg = Release|Any CPU
		{10FB4CA3-2B34-4DC0-B9A3-8DEA590BD112}.Release|Any CPU.Build.0 = Release|Any CPU
		{10FB4CA3-2B34-4DC0-B9A3-8DEA590BD112}.Release|x64.ActiveCfg = Release|Any CPU
		{10FB4CA3-2B34-4DC0-B9A3-8DEA590BD112}.Release|x64.Build.0 = Release|Any CPU
		{10FB4CA3-2B34-4DC0-B9A3-8DEA590BD112}.Release|x86.ActiveCfg = Release|Any CPU
		{10FB4CA3-2B34-4DC0-B9A3-8DEA590BD112}.Release|x86.Build.0 = Release|Any CPU
		{3455D8FC-50E6-4D5E-A9E5-C2CA823CA7C0}.Debug|Any CPU.ActiveCfg = Debug|Any CPU
		{3455D8FC-50E6-4D5E-A9E5-C2CA823CA7C0}.Debug|Any CPU.Build.0 = Debug|Any CPU
		{3455D8FC-50E6-4D5E-A9E5-C2CA823CA7C0}.Debug|x64.ActiveCfg = Debug|Any CPU
		{3455D8FC-50E6-4D5E-A9E5-C2CA823CA7C0}.Debug|x64.Build.0 = Debug|Any CPU
		{3455D8FC-50E6-4D5E-A9E5-C2CA823CA7C0}.Debug|x86.ActiveCfg = Debug|Any CPU
		{3455D8FC-50E6-4D5E-A9E5-C2CA823CA7C0}.Debug|x86.Build.0 = Debug|Any CPU
		{3455D8FC-50E6-4D5E-A9E5-C2CA823CA7C0}.Release|Any CPU.ActiveCfg = Release|Any CPU
		{3455D8FC-50E6-4D5E-A9E5-C2CA823CA7C0}.Release|Any CPU.Build.0 = Release|Any CPU
		{3455D8FC-50E6-4D5E-A9E5-C2CA823CA7C0}.Release|x64.ActiveCfg = Release|Any CPU
		{3455D8FC-50E6-4D5E-A9E5-C2CA823CA7C0}.Release|x64.Build.0 = Release|Any CPU
		{3455D8FC-50E6-4D5E-A9E5-C2CA823CA7C0}.Release|x86.ActiveCfg = Release|Any CPU
		{3455D8FC-50E6-4D5E-A9E5-C2CA823CA7C0}.Release|x86.Build.0 = Release|Any CPU
		{E80085DA-A95E-4758-8E13-107F3F08B3B9}.Debug|Any CPU.ActiveCfg = Debug|Any CPU
		{E80085DA-A95E-4758-8E13-107F3F08B3B9}.Debug|Any CPU.Build.0 = Debug|Any CPU
		{E80085DA-A95E-4758-8E13-107F3F08B3B9}.Debug|x64.ActiveCfg = Debug|Any CPU
		{E80085DA-A95E-4758-8E13-107F3F08B3B9}.Debug|x64.Build.0 = Debug|Any CPU
		{E80085DA-A95E-4758-8E13-107F3F08B3B9}.Debug|x86.ActiveCfg = Debug|Any CPU
		{E80085DA-A95E-4758-8E13-107F3F08B3B9}.Debug|x86.Build.0 = Debug|Any CPU
		{E80085DA-A95E-4758-8E13-107F3F08B3B9}.Release|Any CPU.ActiveCfg = Release|Any CPU
		{E80085DA-A95E-4758-8E13-107F3F08B3B9}.Release|Any CPU.Build.0 = Release|Any CPU
		{E80085DA-A95E-4758-8E13-107F3F08B3B9}.Release|x64.ActiveCfg = Release|Any CPU
		{E80085DA-A95E-4758-8E13-107F3F08B3B9}.Release|x64.Build.0 = Release|Any CPU
		{E80085DA-A95E-4758-8E13-107F3F08B3B9}.Release|x86.ActiveCfg = Release|Any CPU
		{E80085DA-A95E-4758-8E13-107F3F08B3B9}.Release|x86.Build.0 = Release|Any CPU
		{4E2F529B-0723-4DBC-9138-0800F6C49E30}.Debug|Any CPU.ActiveCfg = Debug|Any CPU
		{4E2F529B-0723-4DBC-9138-0800F6C49E30}.Debug|Any CPU.Build.0 = Debug|Any CPU
		{4E2F529B-0723-4DBC-9138-0800F6C49E30}.Debug|x64.ActiveCfg = Debug|Any CPU
		{4E2F529B-0723-4DBC-9138-0800F6C49E30}.Debug|x64.Build.0 = Debug|Any CPU
		{4E2F529B-0723-4DBC-9138-0800F6C49E30}.Debug|x86.ActiveCfg = Debug|Any CPU
		{4E2F529B-0723-4DBC-9138-0800F6C49E30}.Debug|x86.Build.0 = Debug|Any CPU
		{4E2F529B-0723-4DBC-9138-0800F6C49E30}.Release|Any CPU.ActiveCfg = Release|Any CPU
		{4E2F529B-0723-4DBC-9138-0800F6C49E30}.Release|Any CPU.Build.0 = Release|Any CPU
		{4E2F529B-0723-4DBC-9138-0800F6C49E30}.Release|x64.ActiveCfg = Release|Any CPU
		{4E2F529B-0723-4DBC-9138-0800F6C49E30}.Release|x64.Build.0 = Release|Any CPU
		{4E2F529B-0723-4DBC-9138-0800F6C49E30}.Release|x86.ActiveCfg = Release|Any CPU
		{4E2F529B-0723-4DBC-9138-0800F6C49E30}.Release|x86.Build.0 = Release|Any CPU
		{EE9B4891-13F6-4B4B-AECF-D255169FCF62}.Debug|Any CPU.ActiveCfg = Debug|Any CPU
		{EE9B4891-13F6-4B4B-AECF-D255169FCF62}.Debug|Any CPU.Build.0 = Debug|Any CPU
		{EE9B4891-13F6-4B4B-AECF-D255169FCF62}.Debug|x64.ActiveCfg = Debug|Any CPU
		{EE9B4891-13F6-4B4B-AECF-D255169FCF62}.Debug|x64.Build.0 = Debug|Any CPU
		{EE9B4891-13F6-4B4B-AECF-D255169FCF62}.Debug|x86.ActiveCfg = Debug|Any CPU
		{EE9B4891-13F6-4B4B-AECF-D255169FCF62}.Debug|x86.Build.0 = Debug|Any CPU
		{EE9B4891-13F6-4B4B-AECF-D255169FCF62}.Release|Any CPU.ActiveCfg = Release|Any CPU
		{EE9B4891-13F6-4B4B-AECF-D255169FCF62}.Release|Any CPU.Build.0 = Release|Any CPU
		{EE9B4891-13F6-4B4B-AECF-D255169FCF62}.Release|x64.ActiveCfg = Release|Any CPU
		{EE9B4891-13F6-4B4B-AECF-D255169FCF62}.Release|x64.Build.0 = Release|Any CPU
		{EE9B4891-13F6-4B4B-AECF-D255169FCF62}.Release|x86.ActiveCfg = Release|Any CPU
		{EE9B4891-13F6-4B4B-AECF-D255169FCF62}.Release|x86.Build.0 = Release|Any CPU
		{2475476D-35AD-4155-8565-59AEA1554C69}.Debug|Any CPU.ActiveCfg = Debug|Any CPU
		{2475476D-35AD-4155-8565-59AEA1554C69}.Debug|Any CPU.Build.0 = Debug|Any CPU
		{2475476D-35AD-4155-8565-59AEA1554C69}.Debug|x64.ActiveCfg = Debug|Any CPU
		{2475476D-35AD-4155-8565-59AEA1554C69}.Debug|x64.Build.0 = Debug|Any CPU
		{2475476D-35AD-4155-8565-59AEA1554C69}.Debug|x86.ActiveCfg = Debug|Any CPU
		{2475476D-35AD-4155-8565-59AEA1554C69}.Debug|x86.Build.0 = Debug|Any CPU
		{2475476D-35AD-4155-8565-59AEA1554C69}.Release|Any CPU.ActiveCfg = Release|Any CPU
		{2475476D-35AD-4155-8565-59AEA1554C69}.Release|Any CPU.Build.0 = Release|Any CPU
		{2475476D-35AD-4155-8565-59AEA1554C69}.Release|x64.ActiveCfg = Release|Any CPU
		{2475476D-35AD-4155-8565-59AEA1554C69}.Release|x64.Build.0 = Release|Any CPU
		{2475476D-35AD-4155-8565-59AEA1554C69}.Release|x86.ActiveCfg = Release|Any CPU
		{2475476D-35AD-4155-8565-59AEA1554C69}.Release|x86.Build.0 = Release|Any CPU
		{E46089E6-AFF6-4658-97FC-4FCCBBF1A8A1}.Debug|Any CPU.ActiveCfg = Debug|Any CPU
		{E46089E6-AFF6-4658-97FC-4FCCBBF1A8A1}.Debug|Any CPU.Build.0 = Debug|Any CPU
		{E46089E6-AFF6-4658-97FC-4FCCBBF1A8A1}.Debug|x64.ActiveCfg = Debug|Any CPU
		{E46089E6-AFF6-4658-97FC-4FCCBBF1A8A1}.Debug|x64.Build.0 = Debug|Any CPU
		{E46089E6-AFF6-4658-97FC-4FCCBBF1A8A1}.Debug|x86.ActiveCfg = Debug|Any CPU
		{E46089E6-AFF6-4658-97FC-4FCCBBF1A8A1}.Debug|x86.Build.0 = Debug|Any CPU
		{E46089E6-AFF6-4658-97FC-4FCCBBF1A8A1}.Release|Any CPU.ActiveCfg = Release|Any CPU
		{E46089E6-AFF6-4658-97FC-4FCCBBF1A8A1}.Release|Any CPU.Build.0 = Release|Any CPU
		{E46089E6-AFF6-4658-97FC-4FCCBBF1A8A1}.Release|x64.ActiveCfg = Release|Any CPU
		{E46089E6-AFF6-4658-97FC-4FCCBBF1A8A1}.Release|x64.Build.0 = Release|Any CPU
		{E46089E6-AFF6-4658-97FC-4FCCBBF1A8A1}.Release|x86.ActiveCfg = Release|Any CPU
		{E46089E6-AFF6-4658-97FC-4FCCBBF1A8A1}.Release|x86.Build.0 = Release|Any CPU
		{EAC0C13F-83CA-4FA6-8859-83DB9CF3385E}.Debug|Any CPU.ActiveCfg = Debug|Any CPU
		{EAC0C13F-83CA-4FA6-8859-83DB9CF3385E}.Debug|Any CPU.Build.0 = Debug|Any CPU
		{EAC0C13F-83CA-4FA6-8859-83DB9CF3385E}.Debug|x64.ActiveCfg = Debug|Any CPU
		{EAC0C13F-83CA-4FA6-8859-83DB9CF3385E}.Debug|x64.Build.0 = Debug|Any CPU
		{EAC0C13F-83CA-4FA6-8859-83DB9CF3385E}.Debug|x86.ActiveCfg = Debug|Any CPU
		{EAC0C13F-83CA-4FA6-8859-83DB9CF3385E}.Debug|x86.Build.0 = Debug|Any CPU
		{EAC0C13F-83CA-4FA6-8859-83DB9CF3385E}.Release|Any CPU.ActiveCfg = Release|Any CPU
		{EAC0C13F-83CA-4FA6-8859-83DB9CF3385E}.Release|Any CPU.Build.0 = Release|Any CPU
		{EAC0C13F-83CA-4FA6-8859-83DB9CF3385E}.Release|x64.ActiveCfg = Release|Any CPU
		{EAC0C13F-83CA-4FA6-8859-83DB9CF3385E}.Release|x64.Build.0 = Release|Any CPU
		{EAC0C13F-83CA-4FA6-8859-83DB9CF3385E}.Release|x86.ActiveCfg = Release|Any CPU
		{EAC0C13F-83CA-4FA6-8859-83DB9CF3385E}.Release|x86.Build.0 = Release|Any CPU
		{BB339E62-BCDF-46DE-AE17-9A75AAB48D1D}.Debug|Any CPU.ActiveCfg = Debug|Any CPU
		{BB339E62-BCDF-46DE-AE17-9A75AAB48D1D}.Debug|Any CPU.Build.0 = Debug|Any CPU
		{BB339E62-BCDF-46DE-AE17-9A75AAB48D1D}.Debug|x64.ActiveCfg = Debug|Any CPU
		{BB339E62-BCDF-46DE-AE17-9A75AAB48D1D}.Debug|x64.Build.0 = Debug|Any CPU
		{BB339E62-BCDF-46DE-AE17-9A75AAB48D1D}.Debug|x86.ActiveCfg = Debug|Any CPU
		{BB339E62-BCDF-46DE-AE17-9A75AAB48D1D}.Debug|x86.Build.0 = Debug|Any CPU
		{BB339E62-BCDF-46DE-AE17-9A75AAB48D1D}.Release|Any CPU.ActiveCfg = Release|Any CPU
		{BB339E62-BCDF-46DE-AE17-9A75AAB48D1D}.Release|Any CPU.Build.0 = Release|Any CPU
		{BB339E62-BCDF-46DE-AE17-9A75AAB48D1D}.Release|x64.ActiveCfg = Release|Any CPU
		{BB339E62-BCDF-46DE-AE17-9A75AAB48D1D}.Release|x64.Build.0 = Release|Any CPU
		{BB339E62-BCDF-46DE-AE17-9A75AAB48D1D}.Release|x86.ActiveCfg = Release|Any CPU
		{BB339E62-BCDF-46DE-AE17-9A75AAB48D1D}.Release|x86.Build.0 = Release|Any CPU
		{A28FB8FE-10CA-4CD7-8639-9537F3555D38}.Debug|Any CPU.ActiveCfg = Debug|Any CPU
		{A28FB8FE-10CA-4CD7-8639-9537F3555D38}.Debug|Any CPU.Build.0 = Debug|Any CPU
		{A28FB8FE-10CA-4CD7-8639-9537F3555D38}.Debug|x64.ActiveCfg = Debug|Any CPU
		{A28FB8FE-10CA-4CD7-8639-9537F3555D38}.Debug|x64.Build.0 = Debug|Any CPU
		{A28FB8FE-10CA-4CD7-8639-9537F3555D38}.Debug|x86.ActiveCfg = Debug|Any CPU
		{A28FB8FE-10CA-4CD7-8639-9537F3555D38}.Debug|x86.Build.0 = Debug|Any CPU
		{A28FB8FE-10CA-4CD7-8639-9537F3555D38}.Release|Any CPU.ActiveCfg = Release|Any CPU
		{A28FB8FE-10CA-4CD7-8639-9537F3555D38}.Release|Any CPU.Build.0 = Release|Any CPU
		{A28FB8FE-10CA-4CD7-8639-9537F3555D38}.Release|x64.ActiveCfg = Release|Any CPU
		{A28FB8FE-10CA-4CD7-8639-9537F3555D38}.Release|x64.Build.0 = Release|Any CPU
		{A28FB8FE-10CA-4CD7-8639-9537F3555D38}.Release|x86.ActiveCfg = Release|Any CPU
		{A28FB8FE-10CA-4CD7-8639-9537F3555D38}.Release|x86.Build.0 = Release|Any CPU
	EndGlobalSection
	GlobalSection(SolutionProperties) = preSolution
		HideSolutionNode = FALSE
	EndGlobalSection
	GlobalSection(NestedProjects) = preSolution
		{90298CBA-BD6F-3A0A-69D5-97CAD7B05E7E} = {827E0CD3-B72D-47B6-A68D-7590B98EB39B}
		{09328BF4-9A56-44B5-99B9-33326DC80721} = {90298CBA-BD6F-3A0A-69D5-97CAD7B05E7E}
		{CBE535C5-B51A-60E9-4D99-AC1BFAA908A1} = {827E0CD3-B72D-47B6-A68D-7590B98EB39B}
		{48625030-F170-4946-ACC7-C125617997C9} = {CBE535C5-B51A-60E9-4D99-AC1BFAA908A1}
		{984BB9B3-3FA3-BE33-9484-CAC21695A33C} = {827E0CD3-B72D-47B6-A68D-7590B98EB39B}
		{E3A1072E-BB68-3D49-4A12-78B8A87F1C82} = {984BB9B3-3FA3-BE33-9484-CAC21695A33C}
		{2BB85304-C39A-4B3B-8EC2-F10AB7B67342} = {E3A1072E-BB68-3D49-4A12-78B8A87F1C82}
		{2077AEFC-4B68-4ABA-B0AA-30A11FB9E204} = {E3A1072E-BB68-3D49-4A12-78B8A87F1C82}
		{E645C33D-FAD8-47B8-BA31-C30565664C0E} = {E3A1072E-BB68-3D49-4A12-78B8A87F1C82}
		{83F67A21-0F21-4187-9C3B-B19304F4D405} = {E3A1072E-BB68-3D49-4A12-78B8A87F1C82}
		{1BFC9479-12BF-35C3-06B8-42D89D95092B} = {984BB9B3-3FA3-BE33-9484-CAC21695A33C}
		{D1A7AD10-1053-4A6F-AE2F-63A966E7C097} = {1BFC9479-12BF-35C3-06B8-42D89D95092B}
		{80C573EE-9835-4BB7-98BC-21F0D6BE6E9F} = {1BFC9479-12BF-35C3-06B8-42D89D95092B}
		{997D990D-FD42-42AF-A05E-F255C8D83E93} = {1BFC9479-12BF-35C3-06B8-42D89D95092B}
		{2243C1D9-317C-456D-BC0A-33C1976EA70E} = {1BFC9479-12BF-35C3-06B8-42D89D95092B}
		{A1A723C0-50DE-0927-ABB8-5241DAFF01D9} = {984BB9B3-3FA3-BE33-9484-CAC21695A33C}
		{E932B951-4D43-4D06-9B94-7B62B4A36702} = {A1A723C0-50DE-0927-ABB8-5241DAFF01D9}
		{09D325C1-3BF1-48F0-8BD1-11CA30C0B35C} = {A1A723C0-50DE-0927-ABB8-5241DAFF01D9}
		{EC527E10-C9DE-492B-A789-53389D0A6CFA} = {A1A723C0-50DE-0927-ABB8-5241DAFF01D9}
		{FD5AD32F-A66A-42D2-97E0-4F02D48B0303} = {A1A723C0-50DE-0927-ABB8-5241DAFF01D9}
		{4E97729A-C2DF-5990-EA33-8F909D65E19E} = {984BB9B3-3FA3-BE33-9484-CAC21695A33C}
		{10FB4CA3-2B34-4DC0-B9A3-8DEA590BD112} = {4E97729A-C2DF-5990-EA33-8F909D65E19E}
		{3455D8FC-50E6-4D5E-A9E5-C2CA823CA7C0} = {4E97729A-C2DF-5990-EA33-8F909D65E19E}
		{E80085DA-A95E-4758-8E13-107F3F08B3B9} = {4E97729A-C2DF-5990-EA33-8F909D65E19E}
		{4E2F529B-0723-4DBC-9138-0800F6C49E30} = {4E97729A-C2DF-5990-EA33-8F909D65E19E}
		{03997797-E7F5-0643-168D-B8EA7178C2FE} = {827E0CD3-B72D-47B6-A68D-7590B98EB39B}
		{EE9B4891-13F6-4B4B-AECF-D255169FCF62} = {03997797-E7F5-0643-168D-B8EA7178C2FE}
		{36DA8489-D516-55FB-C979-4F4985580BDF} = {984BB9B3-3FA3-BE33-9484-CAC21695A33C}
		{2475476D-35AD-4155-8565-59AEA1554C69} = {36DA8489-D516-55FB-C979-4F4985580BDF}
		{C5FBE174-8E0F-F5A3-B929-8BD0C55C0A32} = {984BB9B3-3FA3-BE33-9484-CAC21695A33C}
		{E46089E6-AFF6-4658-97FC-4FCCBBF1A8A1} = {C5FBE174-8E0F-F5A3-B929-8BD0C55C0A32}
		{FE5F7021-A3C9-35C7-FF50-8DA81625868E} = {827E0CD3-B72D-47B6-A68D-7590B98EB39B}
		{EAC0C13F-83CA-4FA6-8859-83DB9CF3385E} = {FE5F7021-A3C9-35C7-FF50-8DA81625868E}
		{BB339E62-BCDF-46DE-AE17-9A75AAB48D1D} = {90298CBA-BD6F-3A0A-69D5-97CAD7B05E7E}
		{A28FB8FE-10CA-4CD7-8639-9537F3555D38} = {0AB3BF05-4346-4AA6-1389-037BE0695223}
	EndGlobalSection
EndGlobal
